
Microsoft Visual Studio Solution File, Format Version 12.00
# Visual Studio Version 17
VisualStudioVersion = 17.11.35222.181
MinimumVisualStudioVersion = 10.0.40219.1
Project("{FAE04EC0-301F-11D3-BF4B-00C04F79EFBC}") = "Home_demo_app.Server", "Home_demo_app.Server\Home_demo_app.Server.csproj", "{F4245FA9-F018-4799-8320-3D0B32356EB2}"
EndProject
Project("{54A90642-561A-4BB1-A94E-469ADEE60C69}") = "home_demo_app.client", "home_demo_app.client\home_demo_app.client.esproj", "{22F9B212-6261-4151-BD0C-224B4663A5BE}"
EndProject
Global
	GlobalSection(SolutionConfigurationPlatforms) = preSolution
		Debug|Any CPU = Debug|Any CPU
		Release|Any CPU = Release|Any CPU
	EndGlobalSection
	GlobalSection(ProjectConfigurationPlatforms) = postSolution
		{F4245FA9-F018-4799-8320-3D0B32356EB2}.Debug|Any CPU.ActiveCfg = Debug|Any CPU
		{F4245FA9-F018-4799-8320-3D0B32356EB2}.Debug|Any CPU.Build.0 = Debug|Any CPU
		{F4245FA9-F018-4799-8320-3D0B32356EB2}.Release|Any CPU.ActiveCfg = Release|Any CPU
		{F4245FA9-F018-4799-8320-3D0B32356EB2}.Release|Any CPU.Build.0 = Release|Any CPU
		{22F9B212-6261-4151-BD0C-224B4663A5BE}.Debug|Any CPU.ActiveCfg = Debug|Any CPU
		{22F9B212-6261-4151-BD0C-224B4663A5BE}.Debug|Any CPU.Build.0 = Debug|Any CPU
		{22F9B212-6261-4151-BD0C-224B4663A5BE}.Debug|Any CPU.Deploy.0 = Debug|Any CPU
		{22F9B212-6261-4151-BD0C-224B4663A5BE}.Release|Any CPU.ActiveCfg = Release|Any CPU
		{22F9B212-6261-4151-BD0C-224B4663A5BE}.Release|Any CPU.Build.0 = Release|Any CPU
		{22F9B212-6261-4151-BD0C-224B4663A5BE}.Release|Any CPU.Deploy.0 = Release|Any CPU
	EndGlobalSection
	GlobalSection(SolutionProperties) = preSolution
		HideSolutionNode = FALSE
	EndGlobalSection
	GlobalSection(ExtensibilityGlobals) = postSolution
		SolutionGuid = {FB025C3A-3B72-45D2-AB54-F903584B0F9F}
	EndGlobalSection
EndGlobal
